
Microsoft Visual Studio Solution File, Format Version 12.00
# Visual Studio Version 17
VisualStudioVersion = 17.6.33815.320
MinimumVisualStudioVersion = 10.0.40219.1
Project("{FAE04EC0-301F-11D3-BF4B-00C04F79EFBC}") = "NotaCreditoGiftCard", "NotaCreditoGiftCard\NotaCreditoGiftCard.csproj", "{4EC0113F-7D52-4709-810D-0645CA169CCE}"
EndProject
Global
	GlobalSection(SolutionConfigurationPlatforms) = preSolution
		Debug|Any CPU = Debug|Any CPU
		Debug|x86 = Debug|x86
		Release|Any CPU = Release|Any CPU
		Release|x86 = Release|x86
	EndGlobalSection
	GlobalSection(ProjectConfigurationPlatforms) = postSolution
		{4EC0113F-7D52-4709-810D-0645CA169CCE}.Debug|Any CPU.ActiveCfg = Debug|Any CPU
		{4EC0113F-7D52-4709-810D-0645CA169CCE}.Debug|Any CPU.Build.0 = Debug|Any CPU
		{4EC0113F-7D52-4709-810D-0645CA169CCE}.Debug|x86.ActiveCfg = Debug|x86
		{4EC0113F-7D52-4709-810D-0645CA169CCE}.Debug|x86.Build.0 = Debug|x86
		{4EC0113F-7D52-4709-810D-0645CA169CCE}.Release|Any CPU.ActiveCfg = Release|Any CPU
		{4EC0113F-7D52-4709-810D-0645CA169CCE}.Release|Any CPU.Build.0 = Release|Any CPU
		{4EC0113F-7D52-4709-810D-0645CA169CCE}.Release|x86.ActiveCfg = Release|x86
		{4EC0113F-7D52-4709-810D-0645CA169CCE}.Release|x86.Build.0 = Release|x86
	EndGlobalSection
	GlobalSection(SolutionProperties) = preSolution
		HideSolutionNode = FALSE
	EndGlobalSection
	GlobalSection(ExtensibilityGlobals) = postSolution
		SolutionGuid = {C8CB7AA4-17C7-4C25-8B04-75F633F2825E}
	EndGlobalSection
EndGlobal
